// !$*UTF8*$!
{
	archiveVersion = 1;
	classes = {
	};
	objectVersion = 46;
	objects = {

/* Begin PBXBuildFile section */
		672B2D751B44B3D700346931 /* Connection.m in Sources */ = {isa = PBXBuildFile; fileRef = 672B2D741B44B3D700346931 /* Connection.m */; };
		672B2D781B44CB3A00346931 /* SystemSetting.m in Sources */ = {isa = PBXBuildFile; fileRef = 672B2D771B44CB3A00346931 /* SystemSetting.m */; };
		675E45AB1B436CAB00B63A38 /* topview_bg.png in Resources */ = {isa = PBXBuildFile; fileRef = 675E45AA1B436CAB00B63A38 /* topview_bg.png */; };
		675E45AE1B436F9600B63A38 /* AddMenuViewController.m in Sources */ = {isa = PBXBuildFile; fileRef = 675E45AD1B436F9600B63A38 /* AddMenuViewController.m */; };
		675E45B01B439F4D00B63A38 /* addMenu.png in Resources */ = {isa = PBXBuildFile; fileRef = 675E45AF1B439F4D00B63A38 /* addMenu.png */; };
		675E45B31B43A2EB00B63A38 /* ModifyMenuController.m in Sources */ = {isa = PBXBuildFile; fileRef = 675E45B21B43A2EB00B63A38 /* ModifyMenuController.m */; };
		675E45DB1B43E5D600B63A38 /* icon_retina.png in Resources */ = {isa = PBXBuildFile; fileRef = 675E45DA1B43E5D600B63A38 /* icon_retina.png */; };
		675E45DE1B43E9B800B63A38 /* icon.png in Resources */ = {isa = PBXBuildFile; fileRef = 675E45DD1B43E9B800B63A38 /* icon.png */; };
		675E45E01B43E9D500B63A38 /* icon_retina.png in Resources */ = {isa = PBXBuildFile; fileRef = 675E45DF1B43E9D500B63A38 /* icon_retina.png */; };
		6795E7C61B428E800060035C /* msg.png in Resources */ = {isa = PBXBuildFile; fileRef = 6795E7C51B428E800060035C /* msg.png */; };
		67B55FCF1B3CE516009CE901 /* CusineListCtrlViewController.m in Sources */ = {isa = PBXBuildFile; fileRef = 67B55FCE1B3CE516009CE901 /* CusineListCtrlViewController.m */; };
		67B7AE3C1B3BE00200F076B7 /* UIKit.framework in Frameworks */ = {isa = PBXBuildFile; fileRef = 67B7AE3B1B3BE00200F076B7 /* UIKit.framework */; };
		67B7AE3E1B3BE00200F076B7 /* Foundation.framework in Frameworks */ = {isa = PBXBuildFile; fileRef = 67B7AE3D1B3BE00200F076B7 /* Foundation.framework */; };
		67B7AE401B3BE00200F076B7 /* CoreGraphics.framework in Frameworks */ = {isa = PBXBuildFile; fileRef = 67B7AE3F1B3BE00200F076B7 /* CoreGraphics.framework */; };
		67B7AE461B3BE00200F076B7 /* InfoPlist.strings in Resources */ = {isa = PBXBuildFile; fileRef = 67B7AE441B3BE00200F076B7 /* InfoPlist.strings */; };
		67B7AE481B3BE00200F076B7 /* main.m in Sources */ = {isa = PBXBuildFile; fileRef = 67B7AE471B3BE00200F076B7 /* main.m */; };
		67B7AE4C1B3BE00200F076B7 /* AppDelegate.m in Sources */ = {isa = PBXBuildFile; fileRef = 67B7AE4B1B3BE00200F076B7 /* AppDelegate.m */; };
		67B7AE4E1B3BE00200F076B7 /* Default.png in Resources */ = {isa = PBXBuildFile; fileRef = 67B7AE4D1B3BE00200F076B7 /* Default.png */; };
		67B7AE501B3BE00200F076B7 /* Default@2x.png in Resources */ = {isa = PBXBuildFile; fileRef = 67B7AE4F1B3BE00200F076B7 /* Default@2x.png */; };
		67B7AE521B3BE00200F076B7 /* Default-568h@2x.png in Resources */ = {isa = PBXBuildFile; fileRef = 67B7AE511B3BE00200F076B7 /* Default-568h@2x.png */; };
		67B7AE551B3BE00200F076B7 /* MainStoryboard_iPhone.storyboard in Resources */ = {isa = PBXBuildFile; fileRef = 67B7AE531B3BE00200F076B7 /* MainStoryboard_iPhone.storyboard */; };
		67B7AE581B3BE00200F076B7 /* MainStoryboard_iPad.storyboard in Resources */ = {isa = PBXBuildFile; fileRef = 67B7AE561B3BE00200F076B7 /* MainStoryboard_iPad.storyboard */; };
		67B7AE5B1B3BE00200F076B7 /* ViewController.m in Sources */ = {isa = PBXBuildFile; fileRef = 67B7AE5A1B3BE00200F076B7 /* ViewController.m */; };
		67B7AE6F1B3BE0AD00F076B7 /* FMDatabase.m in Sources */ = {isa = PBXBuildFile; fileRef = 67B7AE651B3BE0AD00F076B7 /* FMDatabase.m */; };
		67B7AE701B3BE0AD00F076B7 /* FMDatabaseAdditions.m in Sources */ = {isa = PBXBuildFile; fileRef = 67B7AE671B3BE0AD00F076B7 /* FMDatabaseAdditions.m */; };
		67B7AE711B3BE0AD00F076B7 /* FMDatabasePool.m in Sources */ = {isa = PBXBuildFile; fileRef = 67B7AE691B3BE0AD00F076B7 /* FMDatabasePool.m */; };
		67B7AE721B3BE0AD00F076B7 /* FMDatabaseQueue.m in Sources */ = {isa = PBXBuildFile; fileRef = 67B7AE6B1B3BE0AD00F076B7 /* FMDatabaseQueue.m */; };
		67B7AE731B3BE0AD00F076B7 /* FMResultSet.m in Sources */ = {isa = PBXBuildFile; fileRef = 67B7AE6E1B3BE0AD00F076B7 /* FMResultSet.m */; };
		67B7AE751B3BE11000F076B7 /* libsqlite3.0.dylib in Frameworks */ = {isa = PBXBuildFile; fileRef = 67B7AE741B3BE11000F076B7 /* libsqlite3.0.dylib */; };
		67C8E7F71B435D470031975D /* order_bg.png in Resources */ = {isa = PBXBuildFile; fileRef = 67C8E7F61B435D470031975D /* order_bg.png */; };
		67FF547B1B40D83700C486BB /* MyDB.m in Sources */ = {isa = PBXBuildFile; fileRef = 67FF547A1B40D83700C486BB /* MyDB.m */; };
		67FF54801B4131F300C486BB /* BeforeSend.m in Sources */ = {isa = PBXBuildFile; fileRef = 67FF547F1B4131F300C486BB /* BeforeSend.m */; };
/* End PBXBuildFile section */

/* Begin PBXFileReference section */
		672B2D731B44B3D700346931 /* Connection.h */ = {isa = PBXFileReference; fileEncoding = 4; lastKnownFileType = sourcecode.c.h; path = Connection.h; sourceTree = "<group>"; };
		672B2D741B44B3D700346931 /* Connection.m */ = {isa = PBXFileReference; fileEncoding = 4; lastKnownFileType = sourcecode.c.objc; path = Connection.m; sourceTree = "<group>"; };
		672B2D761B44CB3A00346931 /* SystemSetting.h */ = {isa = PBXFileReference; fileEncoding = 4; lastKnownFileType = sourcecode.c.h; path = SystemSetting.h; sourceTree = "<group>"; };
		672B2D771B44CB3A00346931 /* SystemSetting.m */ = {isa = PBXFileReference; fileEncoding = 4; lastKnownFileType = sourcecode.c.objc; path = SystemSetting.m; sourceTree = "<group>"; };
		675E45AA1B436CAB00B63A38 /* topview_bg.png */ = {isa = PBXFileReference; lastKnownFileType = image.png; path = topview_bg.png; sourceTree = "<group>"; };
		675E45AC1B436F9600B63A38 /* AddMenuViewController.h */ = {isa = PBXFileReference; fileEncoding = 4; lastKnownFileType = sourcecode.c.h; path = AddMenuViewController.h; sourceTree = "<group>"; };
		675E45AD1B436F9600B63A38 /* AddMenuViewController.m */ = {isa = PBXFileReference; fileEncoding = 4; lastKnownFileType = sourcecode.c.objc; path = AddMenuViewController.m; sourceTree = "<group>"; };
		675E45AF1B439F4D00B63A38 /* addMenu.png */ = {isa = PBXFileReference; lastKnownFileType = image.png; path = addMenu.png; sourceTree = "<group>"; };
		675E45B11B43A2EB00B63A38 /* ModifyMenuController.h */ = {isa = PBXFileReference; fileEncoding = 4; lastKnownFileType = sourcecode.c.h; path = ModifyMenuController.h; sourceTree = "<group>"; };
		675E45B21B43A2EB00B63A38 /* ModifyMenuController.m */ = {isa = PBXFileReference; fileEncoding = 4; lastKnownFileType = sourcecode.c.objc; path = ModifyMenuController.m; sourceTree = "<group>"; };
		675E45D81B43E56E00B63A38 /* icon.png */ = {isa = PBXFileReference; lastKnownFileType = image.png; path = icon.png; sourceTree = "<group>"; };
		675E45DA1B43E5D600B63A38 /* icon_retina.png */ = {isa = PBXFileReference; lastKnownFileType = image.png; path = icon_retina.png; sourceTree = "<group>"; };
		675E45DD1B43E9B800B63A38 /* icon.png */ = {isa = PBXFileReference; lastKnownFileType = image.png; name = icon.png; path = TEST_BY_NAT/icon.png; sourceTree = "<group>"; };
		675E45DF1B43E9D500B63A38 /* icon_retina.png */ = {isa = PBXFileReference; lastKnownFileType = image.png; name = icon_retina.png; path = TEST_BY_NAT/icon_retina.png; sourceTree = "<group>"; };
		6795E7C51B428E800060035C /* msg.png */ = {isa = PBXFileReference; lastKnownFileType = image.png; path = msg.png; sourceTree = "<group>"; };
		67B55FCD1B3CE516009CE901 /* CusineListCtrlViewController.h */ = {isa = PBXFileReference; fileEncoding = 4; lastKnownFileType = sourcecode.c.h; path = CusineListCtrlViewController.h; sourceTree = "<group>"; };
		67B55FCE1B3CE516009CE901 /* CusineListCtrlViewController.m */ = {isa = PBXFileReference; fileEncoding = 4; lastKnownFileType = sourcecode.c.objc; path = CusineListCtrlViewController.m; sourceTree = "<group>"; };
		67B7AE381B3BE00200F076B7 /* TEST_BY_NAT.app */ = {isa = PBXFileReference; explicitFileType = wrapper.application; includeInIndex = 0; path = TEST_BY_NAT.app; sourceTree = BUILT_PRODUCTS_DIR; };
		67B7AE3B1B3BE00200F076B7 /* UIKit.framework */ = {isa = PBXFileReference; lastKnownFileType = wrapper.framework; name = UIKit.framework; path = System/Library/Frameworks/UIKit.framework; sourceTree = SDKROOT; };
		67B7AE3D1B3BE00200F076B7 /* Foundation.framework */ = {isa = PBXFileReference; lastKnownFileType = wrapper.framework; name = Foundation.framework; path = System/Library/Frameworks/Foundation.framework; sourceTree = SDKROOT; };
		67B7AE3F1B3BE00200F076B7 /* CoreGraphics.framework */ = {isa = PBXFileReference; lastKnownFileType = wrapper.framework; name = CoreGraphics.framework; path = System/Library/Frameworks/CoreGraphics.framework; sourceTree = SDKROOT; };
		67B7AE431B3BE00200F076B7 /* TEST_BY_NAT-Info.plist */ = {isa = PBXFileReference; lastKnownFileType = text.plist.xml; path = "TEST_BY_NAT-Info.plist"; sourceTree = "<group>"; };
		67B7AE451B3BE00200F076B7 /* en */ = {isa = PBXFileReference; lastKnownFileType = text.plist.strings; name = en; path = en.lproj/InfoPlist.strings; sourceTree = "<group>"; };
		67B7AE471B3BE00200F076B7 /* main.m */ = {isa = PBXFileReference; lastKnownFileType = sourcecode.c.objc; path = main.m; sourceTree = "<group>"; };
		67B7AE491B3BE00200F076B7 /* TEST_BY_NAT-Prefix.pch */ = {isa = PBXFileReference; lastKnownFileType = sourcecode.c.h; path = "TEST_BY_NAT-Prefix.pch"; sourceTree = "<group>"; };
		67B7AE4A1B3BE00200F076B7 /* AppDelegate.h */ = {isa = PBXFileReference; lastKnownFileType = sourcecode.c.h; path = AppDelegate.h; sourceTree = "<group>"; };
		67B7AE4B1B3BE00200F076B7 /* AppDelegate.m */ = {isa = PBXFileReference; lastKnownFileType = sourcecode.c.objc; path = AppDelegate.m; sourceTree = "<group>"; };
		67B7AE4D1B3BE00200F076B7 /* Default.png */ = {isa = PBXFileReference; lastKnownFileType = image.png; path = Default.png; sourceTree = "<group>"; };
		67B7AE4F1B3BE00200F076B7 /* Default@2x.png */ = {isa = PBXFileReference; lastKnownFileType = image.png; path = "Default@2x.png"; sourceTree = "<group>"; };
		67B7AE511B3BE00200F076B7 /* Default-568h@2x.png */ = {isa = PBXFileReference; lastKnownFileType = image.png; path = "Default-568h@2x.png"; sourceTree = "<group>"; };
		67B7AE541B3BE00200F076B7 /* en */ = {isa = PBXFileReference; lastKnownFileType = file.storyboard; name = en; path = en.lproj/MainStoryboard_iPhone.storyboard; sourceTree = "<group>"; };
		67B7AE571B3BE00200F076B7 /* en */ = {isa = PBXFileReference; lastKnownFileType = file.storyboard; name = en; path = en.lproj/MainStoryboard_iPad.storyboard; sourceTree = "<group>"; };
		67B7AE591B3BE00200F076B7 /* ViewController.h */ = {isa = PBXFileReference; lastKnownFileType = sourcecode.c.h; path = ViewController.h; sourceTree = "<group>"; };
		67B7AE5A1B3BE00200F076B7 /* ViewController.m */ = {isa = PBXFileReference; lastKnownFileType = sourcecode.c.objc; path = ViewController.m; sourceTree = "<group>"; };
		67B7AE641B3BE0AD00F076B7 /* FMDatabase.h */ = {isa = PBXFileReference; fileEncoding = 4; lastKnownFileType = sourcecode.c.h; name = FMDatabase.h; path = "../../../Downloads/fmdb-master/src/fmdb/FMDatabase.h"; sourceTree = "<group>"; };
		67B7AE651B3BE0AD00F076B7 /* FMDatabase.m */ = {isa = PBXFileReference; fileEncoding = 4; lastKnownFileType = sourcecode.c.objc; name = FMDatabase.m; path = "../../../Downloads/fmdb-master/src/fmdb/FMDatabase.m"; sourceTree = "<group>"; };
		67B7AE661B3BE0AD00F076B7 /* FMDatabaseAdditions.h */ = {isa = PBXFileReference; fileEncoding = 4; lastKnownFileType = sourcecode.c.h; name = FMDatabaseAdditions.h; path = "../../../Downloads/fmdb-master/src/fmdb/FMDatabaseAdditions.h"; sourceTree = "<group>"; };
		67B7AE671B3BE0AD00F076B7 /* FMDatabaseAdditions.m */ = {isa = PBXFileReference; fileEncoding = 4; lastKnownFileType = sourcecode.c.objc; name = FMDatabaseAdditions.m; path = "../../../Downloads/fmdb-master/src/fmdb/FMDatabaseAdditions.m"; sourceTree = "<group>"; };
		67B7AE681B3BE0AD00F076B7 /* FMDatabasePool.h */ = {isa = PBXFileReference; fileEncoding = 4; lastKnownFileType = sourcecode.c.h; name = FMDatabasePool.h; path = "../../../Downloads/fmdb-master/src/fmdb/FMDatabasePool.h"; sourceTree = "<group>"; };
		67B7AE691B3BE0AD00F076B7 /* FMDatabasePool.m */ = {isa = PBXFileReference; fileEncoding = 4; lastKnownFileType = sourcecode.c.objc; name = FMDatabasePool.m; path = "../../../Downloads/fmdb-master/src/fmdb/FMDatabasePool.m"; sourceTree = "<group>"; };
		67B7AE6A1B3BE0AD00F076B7 /* FMDatabaseQueue.h */ = {isa = PBXFileReference; fileEncoding = 4; lastKnownFileType = sourcecode.c.h; name = FMDatabaseQueue.h; path = "../../../Downloads/fmdb-master/src/fmdb/FMDatabaseQueue.h"; sourceTree = "<group>"; };
		67B7AE6B1B3BE0AD00F076B7 /* FMDatabaseQueue.m */ = {isa = PBXFileReference; fileEncoding = 4; lastKnownFileType = sourcecode.c.objc; name = FMDatabaseQueue.m; path = "../../../Downloads/fmdb-master/src/fmdb/FMDatabaseQueue.m"; sourceTree = "<group>"; };
		67B7AE6C1B3BE0AD00F076B7 /* FMDB.h */ = {isa = PBXFileReference; fileEncoding = 4; lastKnownFileType = sourcecode.c.h; name = FMDB.h; path = "../../../Downloads/fmdb-master/src/fmdb/FMDB.h"; sourceTree = "<group>"; };
		67B7AE6D1B3BE0AD00F076B7 /* FMResultSet.h */ = {isa = PBXFileReference; fileEncoding = 4; lastKnownFileType = sourcecode.c.h; name = FMResultSet.h; path = "../../../Downloads/fmdb-master/src/fmdb/FMResultSet.h"; sourceTree = "<group>"; };
		67B7AE6E1B3BE0AD00F076B7 /* FMResultSet.m */ = {isa = PBXFileReference; fileEncoding = 4; lastKnownFileType = sourcecode.c.objc; name = FMResultSet.m; path = "../../../Downloads/fmdb-master/src/fmdb/FMResultSet.m"; sourceTree = "<group>"; };
		67B7AE741B3BE11000F076B7 /* libsqlite3.0.dylib */ = {isa = PBXFileReference; lastKnownFileType = "compiled.mach-o.dylib"; name = libsqlite3.0.dylib; path = usr/lib/libsqlite3.0.dylib; sourceTree = SDKROOT; };
		67C8E7F61B435D470031975D /* order_bg.png */ = {isa = PBXFileReference; lastKnownFileType = image.png; path = order_bg.png; sourceTree = "<group>"; };
		67FF54791B40D83700C486BB /* MyDB.h */ = {isa = PBXFileReference; fileEncoding = 4; lastKnownFileType = sourcecode.c.h; path = MyDB.h; sourceTree = "<group>"; };
		67FF547A1B40D83700C486BB /* MyDB.m */ = {isa = PBXFileReference; fileEncoding = 4; lastKnownFileType = sourcecode.c.objc; path = MyDB.m; sourceTree = "<group>"; };
		67FF547E1B4131F300C486BB /* BeforeSend.h */ = {isa = PBXFileReference; fileEncoding = 4; lastKnownFileType = sourcecode.c.h; path = BeforeSend.h; sourceTree = "<group>"; };
		67FF547F1B4131F300C486BB /* BeforeSend.m */ = {isa = PBXFileReference; fileEncoding = 4; lastKnownFileType = sourcecode.c.objc; path = BeforeSend.m; sourceTree = "<group>"; };
/* End PBXFileReference section */

/* Begin PBXFrameworksBuildPhase section */
		67B7AE351B3BE00200F076B7 /* Frameworks */ = {
			isa = PBXFrameworksBuildPhase;
			buildActionMask = 2147483647;
			files = (
				67B7AE751B3BE11000F076B7 /* libsqlite3.0.dylib in Frameworks */,
				67B7AE3C1B3BE00200F076B7 /* UIKit.framework in Frameworks */,
				67B7AE3E1B3BE00200F076B7 /* Foundation.framework in Frameworks */,
				67B7AE401B3BE00200F076B7 /* CoreGraphics.framework in Frameworks */,
			);
			runOnlyForDeploymentPostprocessing = 0;
		};
/* End PBXFrameworksBuildPhase section */

/* Begin PBXGroup section */
		67B7AE2F1B3BE00200F076B7 = {
			isa = PBXGroup;
			children = (
				675E45DF1B43E9D500B63A38 /* icon_retina.png */,
				675E45DD1B43E9B800B63A38 /* icon.png */,
				675E45DA1B43E5D600B63A38 /* icon_retina.png */,
				675E45D81B43E56E00B63A38 /* icon.png */,
				67FF54781B40D7E100C486BB /* Utils */,
				67B7AE741B3BE11000F076B7 /* libsqlite3.0.dylib */,
				67B7AE631B3BE03900F076B7 /* RESOURCE */,
				67B7AE621B3BE03100F076B7 /* FMDB */,
				67B7AE411B3BE00200F076B7 /* TEST_BY_NAT */,
				67B7AE3A1B3BE00200F076B7 /* Frameworks */,
				67B7AE391B3BE00200F076B7 /* Products */,
			);
			sourceTree = "<group>";
		};
		67B7AE391B3BE00200F076B7 /* Products */ = {
			isa = PBXGroup;
			children = (
				67B7AE381B3BE00200F076B7 /* TEST_BY_NAT.app */,
			);
			name = Products;
			sourceTree = "<group>";
		};
		67B7AE3A1B3BE00200F076B7 /* Frameworks */ = {
			isa = PBXGroup;
			children = (
				67B7AE3B1B3BE00200F076B7 /* UIKit.framework */,
				67B7AE3D1B3BE00200F076B7 /* Foundation.framework */,
				67B7AE3F1B3BE00200F076B7 /* CoreGraphics.framework */,
			);
			name = Frameworks;
			sourceTree = "<group>";
		};
		67B7AE411B3BE00200F076B7 /* TEST_BY_NAT */ = {
			isa = PBXGroup;
			children = (
				67B7AE781B3BF2F600F076B7 /* SubViewController */,
				67B7AE4A1B3BE00200F076B7 /* AppDelegate.h */,
				67B7AE4B1B3BE00200F076B7 /* AppDelegate.m */,
				67B7AE531B3BE00200F076B7 /* MainStoryboard_iPhone.storyboard */,
				67B7AE561B3BE00200F076B7 /* MainStoryboard_iPad.storyboard */,
				67B7AE591B3BE00200F076B7 /* ViewController.h */,
				67B7AE5A1B3BE00200F076B7 /* ViewController.m */,
				67B7AE421B3BE00200F076B7 /* Supporting Files */,
			);
			path = TEST_BY_NAT;
			sourceTree = "<group>";
		};
		67B7AE421B3BE00200F076B7 /* Supporting Files */ = {
			isa = PBXGroup;
			children = (
				67B7AE431B3BE00200F076B7 /* TEST_BY_NAT-Info.plist */,
				67B7AE441B3BE00200F076B7 /* InfoPlist.strings */,
				67B7AE471B3BE00200F076B7 /* main.m */,
				67B7AE491B3BE00200F076B7 /* TEST_BY_NAT-Prefix.pch */,
				67B7AE4D1B3BE00200F076B7 /* Default.png */,
				67B7AE4F1B3BE00200F076B7 /* Default@2x.png */,
				67B7AE511B3BE00200F076B7 /* Default-568h@2x.png */,
			);
			name = "Supporting Files";
			sourceTree = "<group>";
		};
		67B7AE621B3BE03100F076B7 /* FMDB */ = {
			isa = PBXGroup;
			children = (
				67B7AE641B3BE0AD00F076B7 /* FMDatabase.h */,
				67B7AE651B3BE0AD00F076B7 /* FMDatabase.m */,
				67B7AE661B3BE0AD00F076B7 /* FMDatabaseAdditions.h */,
				67B7AE671B3BE0AD00F076B7 /* FMDatabaseAdditions.m */,
				67B7AE681B3BE0AD00F076B7 /* FMDatabasePool.h */,
				67B7AE691B3BE0AD00F076B7 /* FMDatabasePool.m */,
				67B7AE6A1B3BE0AD00F076B7 /* FMDatabaseQueue.h */,
				67B7AE6B1B3BE0AD00F076B7 /* FMDatabaseQueue.m */,
				67B7AE6C1B3BE0AD00F076B7 /* FMDB.h */,
				67B7AE6D1B3BE0AD00F076B7 /* FMResultSet.h */,
				67B7AE6E1B3BE0AD00F076B7 /* FMResultSet.m */,
			);
			name = FMDB;
			sourceTree = "<group>";
		};
		67B7AE631B3BE03900F076B7 /* RESOURCE */ = {
			isa = PBXGroup;
			children = (
				675E45AF1B439F4D00B63A38 /* addMenu.png */,
				675E45AA1B436CAB00B63A38 /* topview_bg.png */,
				67C8E7F61B435D470031975D /* order_bg.png */,
				6795E7C51B428E800060035C /* msg.png */,
			);
			name = RESOURCE;
			sourceTree = "<group>";
		};
		67B7AE781B3BF2F600F076B7 /* SubViewController */ = {
			isa = PBXGroup;
			children = (
				67B55FCD1B3CE516009CE901 /* CusineListCtrlViewController.h */,
				67B55FCE1B3CE516009CE901 /* CusineListCtrlViewController.m */,
				67FF547E1B4131F300C486BB /* BeforeSend.h */,
				67FF547F1B4131F300C486BB /* BeforeSend.m */,
				675E45AC1B436F9600B63A38 /* AddMenuViewController.h */,
				675E45AD1B436F9600B63A38 /* AddMenuViewController.m */,
				675E45B11B43A2EB00B63A38 /* ModifyMenuController.h */,
				675E45B21B43A2EB00B63A38 /* ModifyMenuController.m */,
				672B2D761B44CB3A00346931 /* SystemSetting.h */,
				672B2D771B44CB3A00346931 /* SystemSetting.m */,
			);
			name = SubViewController;
			sourceTree = "<group>";
		};
		67FF54781B40D7E100C486BB /* Utils */ = {
			isa = PBXGroup;
			children = (
				67FF54791B40D83700C486BB /* MyDB.h */,
				67FF547A1B40D83700C486BB /* MyDB.m */,
				672B2D731B44B3D700346931 /* Connection.h */,
				672B2D741B44B3D700346931 /* Connection.m */,
			);
			name = Utils;
			sourceTree = "<group>";
		};
/* End PBXGroup section */

/* Begin PBXNativeTarget section */
		67B7AE371B3BE00200F076B7 /* TEST_BY_NAT */ = {
			isa = PBXNativeTarget;
			buildConfigurationList = 67B7AE5E1B3BE00200F076B7 /* Build configuration list for PBXNativeTarget "TEST_BY_NAT" */;
			buildPhases = (
				67B7AE341B3BE00200F076B7 /* Sources */,
				67B7AE351B3BE00200F076B7 /* Frameworks */,
				67B7AE361B3BE00200F076B7 /* Resources */,
			);
			buildRules = (
			);
			dependencies = (
			);
			name = TEST_BY_NAT;
			productName = TEST_BY_NAT;
			productReference = 67B7AE381B3BE00200F076B7 /* TEST_BY_NAT.app */;
			productType = "com.apple.product-type.application";
		};
/* End PBXNativeTarget section */

/* Begin PBXProject section */
		67B7AE301B3BE00200F076B7 /* Project object */ = {
			isa = PBXProject;
			attributes = {
				LastUpgradeCheck = 0460;
				ORGANIZATIONNAME = POSCO;
			};
			buildConfigurationList = 67B7AE331B3BE00200F076B7 /* Build configuration list for PBXProject "TEST_BY_NAT" */;
			compatibilityVersion = "Xcode 3.2";
			developmentRegion = English;
			hasScannedForEncodings = 0;
			knownRegions = (
				en,
			);
			mainGroup = 67B7AE2F1B3BE00200F076B7;
			productRefGroup = 67B7AE391B3BE00200F076B7 /* Products */;
			projectDirPath = "";
			projectRoot = "";
			targets = (
				67B7AE371B3BE00200F076B7 /* TEST_BY_NAT */,
			);
		};
/* End PBXProject section */

/* Begin PBXResourcesBuildPhase section */
		67B7AE361B3BE00200F076B7 /* Resources */ = {
			isa = PBXResourcesBuildPhase;
			buildActionMask = 2147483647;
			files = (
				675E45E01B43E9D500B63A38 /* icon_retina.png in Resources */,
				675E45DE1B43E9B800B63A38 /* icon.png in Resources */,
				67B7AE461B3BE00200F076B7 /* InfoPlist.strings in Resources */,
				67B7AE4E1B3BE00200F076B7 /* Default.png in Resources */,
				67B7AE501B3BE00200F076B7 /* Default@2x.png in Resources */,
				67B7AE521B3BE00200F076B7 /* Default-568h@2x.png in Resources */,
				67B7AE551B3BE00200F076B7 /* MainStoryboard_iPhone.storyboard in Resources */,
				67B7AE581B3BE00200F076B7 /* MainStoryboard_iPad.storyboard in Resources */,
				6795E7C61B428E800060035C /* msg.png in Resources */,
				67C8E7F71B435D470031975D /* order_bg.png in Resources */,
				675E45AB1B436CAB00B63A38 /* topview_bg.png in Resources */,
				675E45B01B439F4D00B63A38 /* addMenu.png in Resources */,
				675E45DB1B43E5D600B63A38 /* icon_retina.png in Resources */,
			);
			runOnlyForDeploymentPostprocessing = 0;
		};
/* End PBXResourcesBuildPhase section */

/* Begin PBXSourcesBuildPhase section */
		67B7AE341B3BE00200F076B7 /* Sources */ = {
			isa = PBXSourcesBuildPhase;
			buildActionMask = 2147483647;
			files = (
				67B7AE481B3BE00200F076B7 /* main.m in Sources */,
				67B7AE4C1B3BE00200F076B7 /* AppDelegate.m in Sources */,
				67B7AE5B1B3BE00200F076B7 /* ViewController.m in Sources */,
				67B7AE6F1B3BE0AD00F076B7 /* FMDatabase.m in Sources */,
				67B7AE701B3BE0AD00F076B7 /* FMDatabaseAdditions.m in Sources */,
				67B7AE711B3BE0AD00F076B7 /* FMDatabasePool.m in Sources */,
				67B7AE721B3BE0AD00F076B7 /* FMDatabaseQueue.m in Sources */,
				67B7AE731B3BE0AD00F076B7 /* FMResultSet.m in Sources */,
				67B55FCF1B3CE516009CE901 /* CusineListCtrlViewController.m in Sources */,
				67FF547B1B40D83700C486BB /* MyDB.m in Sources */,
				67FF54801B4131F300C486BB /* BeforeSend.m in Sources */,
				675E45AE1B436F9600B63A38 /* AddMenuViewController.m in Sources */,
				675E45B31B43A2EB00B63A38 /* ModifyMenuController.m in Sources */,
				672B2D751B44B3D700346931 /* Connection.m in Sources */,
				672B2D781B44CB3A00346931 /* SystemSetting.m in Sources */,
			);
			runOnlyForDeploymentPostprocessing = 0;
		};
/* End PBXSourcesBuildPhase section */

/* Begin PBXVariantGroup section */
		67B7AE441B3BE00200F076B7 /* InfoPlist.strings */ = {
			isa = PBXVariantGroup;
			children = (
				67B7AE451B3BE00200F076B7 /* en */,
			);
			name = InfoPlist.strings;
			sourceTree = "<group>";
		};
		67B7AE531B3BE00200F076B7 /* MainStoryboard_iPhone.storyboard */ = {
			isa = PBXVariantGroup;
			children = (
				67B7AE541B3BE00200F076B7 /* en */,
			);
			name = MainStoryboard_iPhone.storyboard;
			sourceTree = "<group>";
		};
		67B7AE561B3BE00200F076B7 /* MainStoryboard_iPad.storyboard */ = {
			isa = PBXVariantGroup;
			children = (
				67B7AE571B3BE00200F076B7 /* en */,
			);
			name = MainStoryboard_iPad.storyboard;
			sourceTree = "<group>";
		};
/* End PBXVariantGroup section */

/* Begin XCBuildConfiguration section */
		67B7AE5C1B3BE00200F076B7 /* Debug */ = {
			isa = XCBuildConfiguration;
			buildSettings = {
				ALWAYS_SEARCH_USER_PATHS = NO;
				CLANG_CXX_LANGUAGE_STANDARD = "gnu++0x";
				CLANG_CXX_LIBRARY = "libc++";
				CLANG_ENABLE_OBJC_ARC = YES;
				CLANG_WARN_CONSTANT_CONVERSION = YES;
				CLANG_WARN_EMPTY_BODY = YES;
				CLANG_WARN_ENUM_CONVERSION = YES;
				CLANG_WARN_INT_CONVERSION = YES;
				CLANG_WARN__DUPLICATE_METHOD_MATCH = YES;
				"CODE_SIGN_IDENTITY[sdk=iphoneos*]" = "iPhone Developer";
				COPY_PHASE_STRIP = NO;
				GCC_C_LANGUAGE_STANDARD = gnu99;
				GCC_DYNAMIC_NO_PIC = NO;
				GCC_OPTIMIZATION_LEVEL = 0;
				GCC_PREPROCESSOR_DEFINITIONS = (
					"DEBUG=1",
					"$(inherited)",
				);
				GCC_SYMBOLS_PRIVATE_EXTERN = NO;
				GCC_WARN_ABOUT_RETURN_TYPE = YES;
				GCC_WARN_UNINITIALIZED_AUTOS = YES;
				GCC_WARN_UNUSED_VARIABLE = YES;
				IPHONEOS_DEPLOYMENT_TARGET = 6.1;
				ONLY_ACTIVE_ARCH = YES;
				SDKROOT = iphoneos;
				TARGETED_DEVICE_FAMILY = "1,2";
			};
			name = Debug;
		};
		67B7AE5D1B3BE00200F076B7 /* Release */ = {
			isa = XCBuildConfiguration;
			buildSettings = {
				ALWAYS_SEARCH_USER_PATHS = NO;
				CLANG_CXX_LANGUAGE_STANDARD = "gnu++0x";
				CLANG_CXX_LIBRARY = "libc++";
				CLANG_ENABLE_OBJC_ARC = YES;
				CLANG_WARN_CONSTANT_CONVERSION = YES;
				CLANG_WARN_EMPTY_BODY = YES;
				CLANG_WARN_ENUM_CONVERSION = YES;
				CLANG_WARN_INT_CONVERSION = YES;
				CLANG_WARN__DUPLICATE_METHOD_MATCH = YES;
				"CODE_SIGN_IDENTITY[sdk=iphoneos*]" = "iPhone Developer";
				COPY_PHASE_STRIP = YES;
				GCC_C_LANGUAGE_STANDARD = gnu99;
				GCC_WARN_ABOUT_RETURN_TYPE = YES;
				GCC_WARN_UNINITIALIZED_AUTOS = YES;
				GCC_WARN_UNUSED_VARIABLE = YES;
				IPHONEOS_DEPLOYMENT_TARGET = 6.1;
				OTHER_CFLAGS = "-DNS_BLOCK_ASSERTIONS=1";
				SDKROOT = iphoneos;
				TARGETED_DEVICE_FAMILY = "1,2";
				VALIDATE_PRODUCT = YES;
			};
			name = Release;
		};
		67B7AE5F1B3BE00200F076B7 /* Debug */ = {
			isa = XCBuildConfiguration;
			buildSettings = {
				GCC_PRECOMPILE_PREFIX_HEADER = YES;
				GCC_PREFIX_HEADER = "TEST_BY_NAT/TEST_BY_NAT-Prefix.pch";
				INFOPLIST_FILE = "TEST_BY_NAT/TEST_BY_NAT-Info.plist";
				PRODUCT_NAME = "$(TARGET_NAME)";
				TARGETED_DEVICE_FAMILY = 1;
				WRAPPER_EXTENSION = app;
			};
			name = Debug;
		};
		67B7AE601B3BE00200F076B7 /* Release */ = {
			isa = XCBuildConfiguration;
			buildSettings = {
				GCC_PRECOMPILE_PREFIX_HEADER = YES;
				GCC_PREFIX_HEADER = "TEST_BY_NAT/TEST_BY_NAT-Prefix.pch";
				INFOPLIST_FILE = "TEST_BY_NAT/TEST_BY_NAT-Info.plist";
				PRODUCT_NAME = "$(TARGET_NAME)";
				TARGETED_DEVICE_FAMILY = 1;
				WRAPPER_EXTENSION = app;
			};
			name = Release;
		};
/* End XCBuildConfiguration section */

/* Begin XCConfigurationList section */
		67B7AE331B3BE00200F076B7 /* Build configuration list for PBXProject "TEST_BY_NAT" */ = {
			isa = XCConfigurationList;
			buildConfigurations = (
				67B7AE5C1B3BE00200F076B7 /* Debug */,
				67B7AE5D1B3BE00200F076B7 /* Release */,
			);
			defaultConfigurationIsVisible = 0;
			defaultConfigurationName = Release;
		};
		67B7AE5E1B3BE00200F076B7 /* Build configuration list for PBXNativeTarget "TEST_BY_NAT" */ = {
			isa = XCConfigurationList;
			buildConfigurations = (
				67B7AE5F1B3BE00200F076B7 /* Debug */,
				67B7AE601B3BE00200F076B7 /* Release */,
			);
			defaultConfigurationIsVisible = 0;
			defaultConfigurationName = Release;
		};
/* End XCConfigurationList section */
	};
	rootObject = 67B7AE301B3BE00200F076B7 /* Project object */;
}
